
Microsoft Visual Studio Solution File, Format Version 12.00
# Visual Studio Version 17
VisualStudioVersion = 17.14.36429.23 d17.14
MinimumVisualStudioVersion = 10.0.40219.1
Project("{FAE04EC0-301F-11D3-BF4B-00C04F79EFBC}") = "vendingMachine", "vendingMachine\vendingMachine.csproj", "{A90D1209-7E15-4A1F-8B1F-514A8202CE9D}"
EndProject
Global
	GlobalSection(SolutionConfigurationPlatforms) = preSolution
		Debug|Any CPU = Debug|Any CPU
		Release|Any CPU = Release|Any CPU
	EndGlobalSection
	GlobalSection(ProjectConfigurationPlatforms) = postSolution
		{A90D1209-7E15-4A1F-8B1F-514A8202CE9D}.Debug|Any CPU.ActiveCfg = Debug|Any CPU
		{A90D1209-7E15-4A1F-8B1F-514A8202CE9D}.Debug|Any CPU.Build.0 = Debug|Any CPU
		{A90D1209-7E15-4A1F-8B1F-514A8202CE9D}.Release|Any CPU.ActiveCfg = Release|Any CPU
		{A90D1209-7E15-4A1F-8B1F-514A8202CE9D}.Release|Any CPU.Build.0 = Release|Any CPU
	EndGlobalSection
	GlobalSection(SolutionProperties) = preSolution
		HideSolutionNode = FALSE
	EndGlobalSection
	GlobalSection(ExtensibilityGlobals) = postSolution
		SolutionGuid = {BC465C94-2C6F-4AF3-B486-294D16144A02}
	EndGlobalSection
EndGlobal
